
Microsoft Visual Studio Solution File, Format Version 12.00
# Visual Studio Version 17
VisualStudioVersion = 17.1.32319.34
MinimumVisualStudioVersion = 10.0.40219.1
Project("{FAE04EC0-301F-11D3-BF4B-00C04F79EFBC}") = "MogoDB", "MogoDB\MogoDB.csproj", "{DF1DF4CA-7D89-4184-9C97-727A7892F392}"
EndProject
Global
	GlobalSection(SolutionConfigurationPlatforms) = preSolution
		Debug|Any CPU = Debug|Any CPU
		Release|Any CPU = Release|Any CPU
	EndGlobalSection
	GlobalSection(ProjectConfigurationPlatforms) = postSolution
		{DF1DF4CA-7D89-4184-9C97-727A7892F392}.Debug|Any CPU.ActiveCfg = Debug|Any CPU
		{DF1DF4CA-7D89-4184-9C97-727A7892F392}.Debug|Any CPU.Build.0 = Debug|Any CPU
		{DF1DF4CA-7D89-4184-9C97-727A7892F392}.Release|Any CPU.ActiveCfg = Release|Any CPU
		{DF1DF4CA-7D89-4184-9C97-727A7892F392}.Release|Any CPU.Build.0 = Release|Any CPU
	EndGlobalSection
	GlobalSection(SolutionProperties) = preSolution
		HideSolutionNode = FALSE
	EndGlobalSection
	GlobalSection(ExtensibilityGlobals) = postSolution
		SolutionGuid = {62DFD08D-8869-441B-BBE2-ADC9E12E8EE1}
	EndGlobalSection
EndGlobal
